Microsoft Visual Studio Solution File, Format Version 12.00
# Visual Studio Version 16
VisualStudioVersion = 16.0.29215.179
MinimumVisualStudioVersion = 10.0.40219.1
Project("{FAE04EC0-301F-11D3-BF4B-00C04F79EFBC}") = "SocialApp.Android", "SocialApp.Android\SocialApp.Android.csproj", "{EEA7BBDC-9DE1-40F9-9B0D-989384F12514}"
EndProject
Project("{FAE04EC0-301F-11D3-BF4B-00C04F79EFBC}") = "SocialApp.iOS", "SocialApp.iOS\SocialApp.iOS.csproj", "{438FA019-DC2B-4B41-A051-447F635870D3}"
EndProject
Project("{FAE04EC0-301F-11D3-BF4B-00C04F79EFBC}") = "SocialApp.UITests", "SocialApp.UITests\SocialApp.UITests.csproj", "{21FF770F-8F1E-4F7D-8BDE-F7924C3C33F4}"
EndProject
Project("{9A19103F-16F7-4668-BE54-9A1E7A4F7556}") = "SocialApp", "SocialApp\SocialApp.csproj", "{A228F839-E340-4549-90C6-08D2690AE545}"
EndProject
Global
	GlobalSection(SolutionConfigurationPlatforms) = preSolution
		Debug|Any CPU = Debug|Any CPU
		Debug|iPhone = Debug|iPhone
		Debug|iPhoneSimulator = Debug|iPhoneSimulator
		Release|Any CPU = Release|Any CPU
		Release|iPhone = Release|iPhone
		Release|iPhoneSimulator = Release|iPhoneSimulator
	EndGlobalSection
	GlobalSection(ProjectConfigurationPlatforms) = postSolution
		{EEA7BBDC-9DE1-40F9-9B0D-989384F12514}.Debug|Any CPU.ActiveCfg = Debug|Any CPU
		{EEA7BBDC-9DE1-40F9-9B0D-989384F12514}.Debug|Any CPU.Build.0 = Debug|Any CPU
		{EEA7BBDC-9DE1-40F9-9B0D-989384F12514}.Debug|Any CPU.Deploy.0 = Debug|Any CPU
		{EEA7BBDC-9DE1-40F9-9B0D-989384F12514}.Debug|iPhone.ActiveCfg = Debug|Any CPU
		{EEA7BBDC-9DE1-40F9-9B0D-989384F12514}.Debug|iPhone.Build.0 = Debug|Any CPU
		{EEA7BBDC-9DE1-40F9-9B0D-989384F12514}.Debug|iPhoneSimulator.ActiveCfg = Debug|Any CPU
		{EEA7BBDC-9DE1-40F9-9B0D-989384F12514}.Debug|iPhoneSimulator.Build.0 = Debug|Any CPU
		{EEA7BBDC-9DE1-40F9-9B0D-989384F12514}.Release|Any CPU.ActiveCfg = Release|Any CPU
		{EEA7BBDC-9DE1-40F9-9B0D-989384F12514}.Release|Any CPU.Build.0 = Release|Any CPU
		{EEA7BBDC-9DE1-40F9-9B0D-989384F12514}.Release|iPhone.ActiveCfg = Release|Any CPU
		{EEA7BBDC-9DE1-40F9-9B0D-989384F12514}.Release|iPhone.Build.0 = Release|Any CPU
		{EEA7BBDC-9DE1-40F9-9B0D-989384F12514}.Release|iPhoneSimulator.ActiveCfg = Release|Any CPU
		{EEA7BBDC-9DE1-40F9-9B0D-989384F12514}.Release|iPhoneSimulator.Build.0 = Release|Any CPU
		{438FA019-DC2B-4B41-A051-447F635870D3}.Debug|Any CPU.ActiveCfg = Debug|iPhoneSimulator
		{438FA019-DC2B-4B41-A051-447F635870D3}.Debug|Any CPU.Build.0 = Debug|iPhoneSimulator
		{438FA019-DC2B-4B41-A051-447F635870D3}.Debug|iPhone.ActiveCfg = Debug|iPhone
		{438FA019-DC2B-4B41-A051-447F635870D3}.Debug|iPhone.Build.0 = Debug|iPhone
		{438FA019-DC2B-4B41-A051-447F635870D3}.Debug|iPhoneSimulator.ActiveCfg = Debug|iPhoneSimulator
		{438FA019-DC2B-4B41-A051-447F635870D3}.Debug|iPhoneSimulator.Build.0 = Debug|iPhoneSimulator
		{438FA019-DC2B-4B41-A051-447F635870D3}.Release|Any CPU.ActiveCfg = Release|iPhoneSimulator
		{438FA019-DC2B-4B41-A051-447F635870D3}.Release|Any CPU.Build.0 = Release|iPhoneSimulator
		{438FA019-DC2B-4B41-A051-447F635870D3}.Release|iPhone.ActiveCfg = Release|iPhone
		{438FA019-DC2B-4B41-A051-447F635870D3}.Release|iPhone.Build.0 = Release|iPhone
		{438FA019-DC2B-4B41-A051-447F635870D3}.Release|iPhoneSimulator.ActiveCfg = Release|iPhoneSimulator
		{438FA019-DC2B-4B41-A051-447F635870D3}.Release|iPhoneSimulator.Build.0 = Release|iPhoneSimulator
		{21FF770F-8F1E-4F7D-8BDE-F7924C3C33F4}.Debug|Any CPU.ActiveCfg = Debug|Any CPU
		{21FF770F-8F1E-4F7D-8BDE-F7924C3C33F4}.Debug|Any CPU.Build.0 = Debug|Any CPU
		{21FF770F-8F1E-4F7D-8BDE-F7924C3C33F4}.Debug|iPhone.ActiveCfg = Debug|Any CPU
		{21FF770F-8F1E-4F7D-8BDE-F7924C3C33F4}.Debug|iPhone.Build.0 = Debug|Any CPU
		{21FF770F-8F1E-4F7D-8BDE-F7924C3C33F4}.Debug|iPhoneSimulator.ActiveCfg = Debug|Any CPU
		{21FF770F-8F1E-4F7D-8BDE-F7924C3C33F4}.Debug|iPhoneSimulator.Build.0 = Debug|Any CPU
		{21FF770F-8F1E-4F7D-8BDE-F7924C3C33F4}.Release|Any CPU.ActiveCfg = Release|Any CPU
		{21FF770F-8F1E-4F7D-8BDE-F7924C3C33F4}.Release|Any CPU.Build.0 = Release|Any CPU
		{21FF770F-8F1E-4F7D-8BDE-F7924C3C33F4}.Release|iPhone.ActiveCfg = Release|Any CPU
		{21FF770F-8F1E-4F7D-8BDE-F7924C3C33F4}.Release|iPhone.Build.0 = Release|Any CPU
		{21FF770F-8F1E-4F7D-8BDE-F7924C3C33F4}.Release|iPhoneSimulator.ActiveCfg = Release|Any CPU
		{21FF770F-8F1E-4F7D-8BDE-F7924C3C33F4}.Release|iPhoneSimulator.Build.0 = Release|Any CPU
		{A228F839-E340-4549-90C6-08D2690AE545}.Debug|Any CPU.ActiveCfg = Debug|Any CPU
		{A228F839-E340-4549-90C6-08D2690AE545}.Debug|Any CPU.Build.0 = Debug|Any CPU
		{A228F839-E340-4549-90C6-08D2690AE545}.Debug|iPhone.ActiveCfg = Debug|Any CPU
		{A228F839-E340-4549-90C6-08D2690AE545}.Debug|iPhone.Build.0 = Debug|Any CPU
		{A228F839-E340-4549-90C6-08D2690AE545}.Debug|iPhoneSimulator.ActiveCfg = Debug|Any CPU
		{A228F839-E340-4549-90C6-08D2690AE545}.Debug|iPhoneSimulator.Build.0 = Debug|Any CPU
		{A228F839-E340-4549-90C6-08D2690AE545}.Release|Any CPU.ActiveCfg = Release|Any CPU
		{A228F839-E340-4549-90C6-08D2690AE545}.Release|Any CPU.Build.0 = Release|Any CPU
		{A228F839-E340-4549-90C6-08D2690AE545}.Release|iPhone.ActiveCfg = Release|Any CPU
		{A228F839-E340-4549-90C6-08D2690AE545}.Release|iPhone.Build.0 = Release|Any CPU
		{A228F839-E340-4549-90C6-08D2690AE545}.Release|iPhoneSimulator.ActiveCfg = Release|Any CPU
		{A228F839-E340-4549-90C6-08D2690AE545}.Release|iPhoneSimulator.Build.0 = Release|Any CPU
	EndGlobalSection
	GlobalSection(SolutionProperties) = preSolution
		HideSolutionNode = FALSE
	EndGlobalSection
	GlobalSection(ExtensibilityGlobals) = postSolution
		SolutionGuid = {35E9F19F-217B-494F-9468-531FBA8E8D27}
	EndGlobalSection
EndGlobal
